
Microsoft Visual Studio Solution File, Format Version 12.00
# Visual Studio Version 17
VisualStudioVersion = 17.11.35222.181
MinimumVisualStudioVersion = 10.0.40219.1
Project("{FAE04EC0-301F-11D3-BF4B-00C04F79EFBC}") = "LR5KPiYP(2)", "LR5KPiYP(2)\LR5KPiYP(2).csproj", "{6871DE94-EC68-4653-B6C8-B3989C8141EE}"
EndProject
Global
	GlobalSection(SolutionConfigurationPlatforms) = preSolution
		Debug|Any CPU = Debug|Any CPU
		Release|Any CPU = Release|Any CPU
	EndGlobalSection
	GlobalSection(ProjectConfigurationPlatforms) = postSolution
		{6871DE94-EC68-4653-B6C8-B3989C8141EE}.Debug|Any CPU.ActiveCfg = Debug|Any CPU
		{6871DE94-EC68-4653-B6C8-B3989C8141EE}.Debug|Any CPU.Build.0 = Debug|Any CPU
		{6871DE94-EC68-4653-B6C8-B3989C8141EE}.Release|Any CPU.ActiveCfg = Release|Any CPU
		{6871DE94-EC68-4653-B6C8-B3989C8141EE}.Release|Any CPU.Build.0 = Release|Any CPU
	EndGlobalSection
	GlobalSection(SolutionProperties) = preSolution
		HideSolutionNode = FALSE
	EndGlobalSection
	GlobalSection(ExtensibilityGlobals) = postSolution
		SolutionGuid = {CAC6509E-2F86-4B12-9C8C-EB430D27D70E}
	EndGlobalSection
EndGlobal
